
Microsoft Visual Studio Solution File, Format Version 12.00
# Visual Studio Version 17
VisualStudioVersion = 17.9.34728.123
MinimumVisualStudioVersion = 10.0.40219.1
Project("{9A19103F-16F7-4668-BE54-9A1E7A4F7556}") = "XeroToGRT", "XeroToGRT\XeroToGRT.csproj", "{2DDDDC0F-23EF-4966-BF39-F92FCA6E06EB}"
EndProject
Project("{9A19103F-16F7-4668-BE54-9A1E7A4F7556}") = "XeroChronoImporter", "XeroChronoImporter\XeroChronoImporter.csproj", "{0536B2D5-2B8E-44C2-AC76-BD4313945036}"
EndProject
Global
	GlobalSection(SolutionConfigurationPlatforms) = preSolution
		Debug|Any CPU = Debug|Any CPU
		Release|Any CPU = Release|Any CPU
	EndGlobalSection
	GlobalSection(ProjectConfigurationPlatforms) = postSolution
		{2DDDDC0F-23EF-4966-BF39-F92FCA6E06EB}.Debug|Any CPU.ActiveCfg = Debug|Any CPU
		{2DDDDC0F-23EF-4966-BF39-F92FCA6E06EB}.Debug|Any CPU.Build.0 = Debug|Any CPU
		{2DDDDC0F-23EF-4966-BF39-F92FCA6E06EB}.Release|Any CPU.ActiveCfg = Release|Any CPU
		{2DDDDC0F-23EF-4966-BF39-F92FCA6E06EB}.Release|Any CPU.Build.0 = Release|Any CPU
		{0536B2D5-2B8E-44C2-AC76-BD4313945036}.Debug|Any CPU.ActiveCfg = Debug|Any CPU
		{0536B2D5-2B8E-44C2-AC76-BD4313945036}.Debug|Any CPU.Build.0 = Debug|Any CPU
		{0536B2D5-2B8E-44C2-AC76-BD4313945036}.Release|Any CPU.ActiveCfg = Release|Any CPU
		{0536B2D5-2B8E-44C2-AC76-BD4313945036}.Release|Any CPU.Build.0 = Release|Any CPU
	EndGlobalSection
	GlobalSection(SolutionProperties) = preSolution
		HideSolutionNode = FALSE
	EndGlobalSection
	GlobalSection(ExtensibilityGlobals) = postSolution
		SolutionGuid = {2499E094-B0A9-4AA7-8B41-04D554609A0D}
	EndGlobalSection
EndGlobal
